// !$*UTF8*$!
{
	archiveVersion = 1;
	classes = {
	};
	objectVersion = 56;
	objects = {

/* Begin PBXBuildFile section */
		AF5D5B382A93F13D00498D80 /* CategoriesDataStore.swift in Sources */ = {isa = PBXBuildFile; fileRef = AF5D5B372A93F13D00498D80 /* CategoriesDataStore.swift */; };
		AF5D5B3A2A93F15E00498D80 /* ExecutionsDataStore.swift in Sources */ = {isa = PBXBuildFile; fileRef = AF5D5B392A93F15E00498D80 /* ExecutionsDataStore.swift */; };
		AF5D5B3C2A93F21700498D80 /* TrackersRecord.swift in Sources */ = {isa = PBXBuildFile; fileRef = AF5D5B3B2A93F21700498D80 /* TrackersRecord.swift */; };
		AF5D5B3E2A93F32400498D80 /* ExecutionsRecord.swift in Sources */ = {isa = PBXBuildFile; fileRef = AF5D5B3D2A93F32400498D80 /* ExecutionsRecord.swift */; };
		AF5D5B402A93F3AF00498D80 /* CategoriesRecord.swift in Sources */ = {isa = PBXBuildFile; fileRef = AF5D5B3F2A93F3AF00498D80 /* CategoriesRecord.swift */; };
		AF5D5B422A93FD8600498D80 /* CoreDataHelpers.swift in Sources */ = {isa = PBXBuildFile; fileRef = AF5D5B412A93FD8600498D80 /* CoreDataHelpers.swift */; };
		AF5D5B612A9546DF00498D80 /* DataStore.swift in Sources */ = {isa = PBXBuildFile; fileRef = AF5D5B602A9546DF00498D80 /* DataStore.swift */; };
		AF5D5B632A960A3400498D80 /* TrackersCollectionsCompanionInteractor.swift in Sources */ = {isa = PBXBuildFile; fileRef = AF5D5B622A960A3400498D80 /* TrackersCollectionsCompanionInteractor.swift */; };
		AF9332402A72B59300BA0DB8 /* AppDelegate.swift in Sources */ = {isa = PBXBuildFile; fileRef = AF93323F2A72B59300BA0DB8 /* AppDelegate.swift */; };
		AF9332422A72B59300BA0DB8 /* SceneDelegate.swift in Sources */ = {isa = PBXBuildFile; fileRef = AF9332412A72B59300BA0DB8 /* SceneDelegate.swift */; };
		AF9332492A72B59400BA0DB8 /* Assets.xcassets in Resources */ = {isa = PBXBuildFile; fileRef = AF9332482A72B59400BA0DB8 /* Assets.xcassets */; };
		AF93324C2A72B59400BA0DB8 /* LaunchScreen.storyboard in Resources */ = {isa = PBXBuildFile; fileRef = AF93324A2A72B59400BA0DB8 /* LaunchScreen.storyboard */; };
		AF9B4AFC2A913DE1007EC298 /* TrackersDataStore.swift in Sources */ = {isa = PBXBuildFile; fileRef = AF9B4AFB2A913DE1007EC298 /* TrackersDataStore.swift */; };
		AF9B4AFE2A913DEB007EC298 /* NullStore.swift in Sources */ = {isa = PBXBuildFile; fileRef = AF9B4AFD2A913DEB007EC298 /* NullStore.swift */; };
		AFBF95C02A938174007D4C7C /* Execution.swift in Sources */ = {isa = PBXBuildFile; fileRef = AFBF95BF2A938174007D4C7C /* Execution.swift */; };
		AFBF95C22A93828F007D4C7C /* TrackersSearchResponse.swift in Sources */ = {isa = PBXBuildFile; fileRef = AFBF95C12A93828F007D4C7C /* TrackersSearchResponse.swift */; };
		AFCA55A42A7AB01A00D9A851 /* StatsViewController.swift in Sources */ = {isa = PBXBuildFile; fileRef = AFCA55A32A7AB01A00D9A851 /* StatsViewController.swift */; };
		AFCA55A62A7AB02400D9A851 /* TabBarController.swift in Sources */ = {isa = PBXBuildFile; fileRef = AFCA55A52A7AB02400D9A851 /* TabBarController.swift */; };
		AFCA55A82A7AB02C00D9A851 /* TrackersViewController.swift in Sources */ = {isa = PBXBuildFile; fileRef = AFCA55A72A7AB02C00D9A851 /* TrackersViewController.swift */; };
		AFCA55AC2A7C05C500D9A851 /* SupplementaryView.swift in Sources */ = {isa = PBXBuildFile; fileRef = AFCA55AB2A7C05C500D9A851 /* SupplementaryView.swift */; };
		AFCA55AE2A7C178800D9A851 /* TrackerCollectionViewCell.swift in Sources */ = {isa = PBXBuildFile; fileRef = AFCA55AD2A7C178800D9A851 /* TrackerCollectionViewCell.swift */; };
		AFCA55B22A7C187900D9A851 /* Tracker.swift in Sources */ = {isa = PBXBuildFile; fileRef = AFCA55B12A7C187900D9A851 /* Tracker.swift */; };
		AFCA55BB2A7C22E800D9A851 /* TrackersCollectionsPresenter.swift in Sources */ = {isa = PBXBuildFile; fileRef = AFCA55BA2A7C22E800D9A851 /* TrackersCollectionsPresenter.swift */; };
		AFCA55BD2A7C34E500D9A851 /* TrackersViewControllerProtocol.swift in Sources */ = {isa = PBXBuildFile; fileRef = AFCA55BC2A7C34E500D9A851 /* TrackersViewControllerProtocol.swift */; };
		AFCA55BF2A7C36AF00D9A851 /* Mappers.swift in Sources */ = {isa = PBXBuildFile; fileRef = AFCA55BE2A7C36AF00D9A851 /* Mappers.swift */; };
		AFCA55C72A7D5BB000D9A851 /* SimpleDate.swift in Sources */ = {isa = PBXBuildFile; fileRef = AFCA55C62A7D5BB000D9A851 /* SimpleDate.swift */; };
		AFCA55CF2A7E527500D9A851 /* TrackerCategory.swift in Sources */ = {isa = PBXBuildFile; fileRef = AFCA55CE2A7E527500D9A851 /* TrackerCategory.swift */; };
		AFCA55D12A7E5BF300D9A851 /* TrackersCollectionsCompanionDelegate.swift in Sources */ = {isa = PBXBuildFile; fileRef = AFCA55D02A7E5BF300D9A851 /* TrackersCollectionsCompanionDelegate.swift */; };
		AFCA55D32A7E5CA600D9A851 /* TrackersCollectionsCompanion.swift in Sources */ = {isa = PBXBuildFile; fileRef = AFCA55D22A7E5CA600D9A851 /* TrackersCollectionsCompanion.swift */; };
		AFCA55D52A7F895500D9A851 /* TrackersRepositoryProtocol.swift in Sources */ = {isa = PBXBuildFile; fileRef = AFCA55D42A7F895500D9A851 /* TrackersRepositoryProtocol.swift */; };
		AFCA55D72A7F96C000D9A851 /* TrackersRepositoryImpl.swift in Sources */ = {isa = PBXBuildFile; fileRef = AFCA55D62A7F96C000D9A851 /* TrackersRepositoryImpl.swift */; };
		AFCA55DB2A7FE81800D9A851 /* TrackerTypeViewController.swift in Sources */ = {isa = PBXBuildFile; fileRef = AFCA55DA2A7FE81800D9A851 /* TrackerTypeViewController.swift */; };
		AFCA55DD2A7FE8FE00D9A851 /* CreateTrackerViewController.swift in Sources */ = {isa = PBXBuildFile; fileRef = AFCA55DC2A7FE8FE00D9A851 /* CreateTrackerViewController.swift */; };
		AFCA55E12A7FEF0400D9A851 /* CategorySelectionViewController.swift in Sources */ = {isa = PBXBuildFile; fileRef = AFCA55E02A7FEF0400D9A851 /* CategorySelectionViewController.swift */; };
		AFCA55E32A7FF09C00D9A851 /* TrackerTypeDelegate.swift in Sources */ = {isa = PBXBuildFile; fileRef = AFCA55E22A7FF09C00D9A851 /* TrackerTypeDelegate.swift */; };
		AFCA55E52A8135BF00D9A851 /* MenuItem.swift in Sources */ = {isa = PBXBuildFile; fileRef = AFCA55E42A8135BF00D9A851 /* MenuItem.swift */; };
		AFCA55E72A81364100D9A851 /* MenuTableViewCell.swift in Sources */ = {isa = PBXBuildFile; fileRef = AFCA55E62A81364100D9A851 /* MenuTableViewCell.swift */; };
		AFCA55E92A81575C00D9A851 /* IconCell.swift in Sources */ = {isa = PBXBuildFile; fileRef = AFCA55E82A81575C00D9A851 /* IconCell.swift */; };
		AFCA55EB2A8157DB00D9A851 /* ColorCell.swift in Sources */ = {isa = PBXBuildFile; fileRef = AFCA55EA2A8157DB00D9A851 /* ColorCell.swift */; };
		AFCA55EF2A8235BA00D9A851 /* IconCollectionViewCell.swift in Sources */ = {isa = PBXBuildFile; fileRef = AFCA55EE2A8235BA00D9A851 /* IconCollectionViewCell.swift */; };
		AFCA55F12A8235F600D9A851 /* ColorCollectionViewCell.swift in Sources */ = {isa = PBXBuildFile; fileRef = AFCA55F02A8235F600D9A851 /* ColorCollectionViewCell.swift */; };
		AFD92DF02A83D49900F36905 /* ScheduleViewController.swift in Sources */ = {isa = PBXBuildFile; fileRef = AFD92DEF2A83D49900F36905 /* ScheduleViewController.swift */; };
		AFD92DF22A83D97D00F36905 /* SheduleTableViewCell.swift in Sources */ = {isa = PBXBuildFile; fileRef = AFD92DF12A83D97D00F36905 /* SheduleTableViewCell.swift */; };
		AFD92DF42A854B9300F36905 /* AlertPresenter.swift in Sources */ = {isa = PBXBuildFile; fileRef = AFD92DF32A854B9300F36905 /* AlertPresenter.swift */; };
		AFD92DF62A854BC000F36905 /* AlertModel.swift in Sources */ = {isa = PBXBuildFile; fileRef = AFD92DF52A854BC000F36905 /* AlertModel.swift */; };
		AFD92DF82A85517500F36905 /* Constants.swift in Sources */ = {isa = PBXBuildFile; fileRef = AFD92DF72A85517500F36905 /* Constants.swift */; };
		AFD92E1D2A88FCDA00F36905 /* SupplementaryViewMain.swift in Sources */ = {isa = PBXBuildFile; fileRef = AFD92E1C2A88FCDA00F36905 /* SupplementaryViewMain.swift */; };
		AFD92E2B2A9008D300F36905 /* Trackers.xcdatamodeld in Sources */ = {isa = PBXBuildFile; fileRef = AFD92E292A9008D200F36905 /* Trackers.xcdatamodeld */; };
		AFEDE0492A827A70002D8CE6 /* extension+UIView.swift in Sources */ = {isa = PBXBuildFile; fileRef = AFEDE0482A827A70002D8CE6 /* extension+UIView.swift */; };
		AFF228EA2A93EE3300873F47 /* TrackersDataProvider.swift in Sources */ = {isa = PBXBuildFile; fileRef = AFF228E92A93EE3300873F47 /* TrackersDataProvider.swift */; };
/* End PBXBuildFile section */

/* Begin PBXFileReference section */
		AF5D5B372A93F13D00498D80 /* CategoriesDataStore.swift */ = {isa = PBXFileReference; lastKnownFileType = sourcecode.swift; path = CategoriesDataStore.swift; sourceTree = "<group>"; };
		AF5D5B392A93F15E00498D80 /* ExecutionsDataStore.swift */ = {isa = PBXFileReference; lastKnownFileType = sourcecode.swift; path = ExecutionsDataStore.swift; sourceTree = "<group>"; };
		AF5D5B3B2A93F21700498D80 /* TrackersRecord.swift */ = {isa = PBXFileReference; lastKnownFileType = sourcecode.swift; path = TrackersRecord.swift; sourceTree = "<group>"; };
		AF5D5B3D2A93F32400498D80 /* ExecutionsRecord.swift */ = {isa = PBXFileReference; lastKnownFileType = sourcecode.swift; path = ExecutionsRecord.swift; sourceTree = "<group>"; };
		AF5D5B3F2A93F3AF00498D80 /* CategoriesRecord.swift */ = {isa = PBXFileReference; lastKnownFileType = sourcecode.swift; path = CategoriesRecord.swift; sourceTree = "<group>"; };
		AF5D5B412A93FD8600498D80 /* CoreDataHelpers.swift */ = {isa = PBXFileReference; lastKnownFileType = sourcecode.swift; path = CoreDataHelpers.swift; sourceTree = "<group>"; };
		AF5D5B602A9546DF00498D80 /* DataStore.swift */ = {isa = PBXFileReference; lastKnownFileType = sourcecode.swift; path = DataStore.swift; sourceTree = "<group>"; };
		AF5D5B622A960A3400498D80 /* TrackersCollectionsCompanionInteractor.swift */ = {isa = PBXFileReference; lastKnownFileType = sourcecode.swift; path = TrackersCollectionsCompanionInteractor.swift; sourceTree = "<group>"; };
		AF93323C2A72B59300BA0DB8 /* Tracker.app */ = {isa = PBXFileReference; explicitFileType = wrapper.application; includeInIndex = 0; path = Tracker.app; sourceTree = BUILT_PRODUCTS_DIR; };
		AF93323F2A72B59300BA0DB8 /* AppDelegate.swift */ = {isa = PBXFileReference; lastKnownFileType = sourcecode.swift; path = AppDelegate.swift; sourceTree = "<group>"; };
		AF9332412A72B59300BA0DB8 /* SceneDelegate.swift */ = {isa = PBXFileReference; lastKnownFileType = sourcecode.swift; path = SceneDelegate.swift; sourceTree = "<group>"; };
		AF9332482A72B59400BA0DB8 /* Assets.xcassets */ = {isa = PBXFileReference; lastKnownFileType = folder.assetcatalog; path = Assets.xcassets; sourceTree = "<group>"; };
		AF93324B2A72B59400BA0DB8 /* Base */ = {isa = PBXFileReference; lastKnownFileType = file.storyboard; name = Base; path = Base.lproj/LaunchScreen.storyboard; sourceTree = "<group>"; };
		AF93324D2A72B59400BA0DB8 /* Info.plist */ = {isa = PBXFileReference; lastKnownFileType = text.plist.xml; path = Info.plist; sourceTree = "<group>"; };
		AF9B4AFB2A913DE1007EC298 /* TrackersDataStore.swift */ = {isa = PBXFileReference; lastKnownFileType = sourcecode.swift; path = TrackersDataStore.swift; sourceTree = "<group>"; };
		AF9B4AFD2A913DEB007EC298 /* NullStore.swift */ = {isa = PBXFileReference; lastKnownFileType = sourcecode.swift; path = NullStore.swift; sourceTree = "<group>"; };
		AFBF95BF2A938174007D4C7C /* Execution.swift */ = {isa = PBXFileReference; lastKnownFileType = sourcecode.swift; path = Execution.swift; sourceTree = "<group>"; };
		AFBF95C12A93828F007D4C7C /* TrackersSearchResponse.swift */ = {isa = PBXFileReference; lastKnownFileType = sourcecode.swift; path = TrackersSearchResponse.swift; sourceTree = "<group>"; };
		AFCA55A32A7AB01A00D9A851 /* StatsViewController.swift */ = {isa = PBXFileReference; fileEncoding = 4; lastKnownFileType = sourcecode.swift; path = StatsViewController.swift; sourceTree = "<group>"; };
		AFCA55A52A7AB02400D9A851 /* TabBarController.swift */ = {isa = PBXFileReference; fileEncoding = 4; lastKnownFileType = sourcecode.swift; path = TabBarController.swift; sourceTree = "<group>"; };
		AFCA55A72A7AB02C00D9A851 /* TrackersViewController.swift */ = {isa = PBXFileReference; fileEncoding = 4; lastKnownFileType = sourcecode.swift; path = TrackersViewController.swift; sourceTree = "<group>"; };
		AFCA55AB2A7C05C500D9A851 /* SupplementaryView.swift */ = {isa = PBXFileReference; lastKnownFileType = sourcecode.swift; path = SupplementaryView.swift; sourceTree = "<group>"; };
		AFCA55AD2A7C178800D9A851 /* TrackerCollectionViewCell.swift */ = {isa = PBXFileReference; lastKnownFileType = sourcecode.swift; path = TrackerCollectionViewCell.swift; sourceTree = "<group>"; };
		AFCA55B12A7C187900D9A851 /* Tracker.swift */ = {isa = PBXFileReference; lastKnownFileType = sourcecode.swift; path = Tracker.swift; sourceTree = "<group>"; };
		AFCA55BA2A7C22E800D9A851 /* TrackersCollectionsPresenter.swift */ = {isa = PBXFileReference; lastKnownFileType = sourcecode.swift; path = TrackersCollectionsPresenter.swift; sourceTree = "<group>"; };
		AFCA55BC2A7C34E500D9A851 /* TrackersViewControllerProtocol.swift */ = {isa = PBXFileReference; lastKnownFileType = sourcecode.swift; path = TrackersViewControllerProtocol.swift; sourceTree = "<group>"; };
		AFCA55BE2A7C36AF00D9A851 /* Mappers.swift */ = {isa = PBXFileReference; lastKnownFileType = sourcecode.swift; path = Mappers.swift; sourceTree = "<group>"; };
		AFCA55C62A7D5BB000D9A851 /* SimpleDate.swift */ = {isa = PBXFileReference; lastKnownFileType = sourcecode.swift; path = SimpleDate.swift; sourceTree = "<group>"; };
		AFCA55CE2A7E527500D9A851 /* TrackerCategory.swift */ = {isa = PBXFileReference; lastKnownFileType = sourcecode.swift; path = TrackerCategory.swift; sourceTree = "<group>"; };
		AFCA55D02A7E5BF300D9A851 /* TrackersCollectionsCompanionDelegate.swift */ = {isa = PBXFileReference; lastKnownFileType = sourcecode.swift; path = TrackersCollectionsCompanionDelegate.swift; sourceTree = "<group>"; };
		AFCA55D22A7E5CA600D9A851 /* TrackersCollectionsCompanion.swift */ = {isa = PBXFileReference; lastKnownFileType = sourcecode.swift; path = TrackersCollectionsCompanion.swift; sourceTree = "<group>"; };
		AFCA55D42A7F895500D9A851 /* TrackersRepositoryProtocol.swift */ = {isa = PBXFileReference; lastKnownFileType = sourcecode.swift; path = TrackersRepositoryProtocol.swift; sourceTree = "<group>"; };
		AFCA55D62A7F96C000D9A851 /* TrackersRepositoryImpl.swift */ = {isa = PBXFileReference; lastKnownFileType = sourcecode.swift; path = TrackersRepositoryImpl.swift; sourceTree = "<group>"; };
		AFCA55DA2A7FE81800D9A851 /* TrackerTypeViewController.swift */ = {isa = PBXFileReference; lastKnownFileType = sourcecode.swift; path = TrackerTypeViewController.swift; sourceTree = "<group>"; };
		AFCA55DC2A7FE8FE00D9A851 /* CreateTrackerViewController.swift */ = {isa = PBXFileReference; lastKnownFileType = sourcecode.swift; path = CreateTrackerViewController.swift; sourceTree = "<group>"; };
		AFCA55E02A7FEF0400D9A851 /* CategorySelectionViewController.swift */ = {isa = PBXFileReference; lastKnownFileType = sourcecode.swift; path = CategorySelectionViewController.swift; sourceTree = "<group>"; };
		AFCA55E22A7FF09C00D9A851 /* TrackerTypeDelegate.swift */ = {isa = PBXFileReference; lastKnownFileType = sourcecode.swift; path = TrackerTypeDelegate.swift; sourceTree = "<group>"; };
		AFCA55E42A8135BF00D9A851 /* MenuItem.swift */ = {isa = PBXFileReference; lastKnownFileType = sourcecode.swift; path = MenuItem.swift; sourceTree = "<group>"; };
		AFCA55E62A81364100D9A851 /* MenuTableViewCell.swift */ = {isa = PBXFileReference; lastKnownFileType = sourcecode.swift; path = MenuTableViewCell.swift; sourceTree = "<group>"; };
		AFCA55E82A81575C00D9A851 /* IconCell.swift */ = {isa = PBXFileReference; lastKnownFileType = sourcecode.swift; path = IconCell.swift; sourceTree = "<group>"; };
		AFCA55EA2A8157DB00D9A851 /* ColorCell.swift */ = {isa = PBXFileReference; lastKnownFileType = sourcecode.swift; path = ColorCell.swift; sourceTree = "<group>"; };
		AFCA55EE2A8235BA00D9A851 /* IconCollectionViewCell.swift */ = {isa = PBXFileReference; lastKnownFileType = sourcecode.swift; path = IconCollectionViewCell.swift; sourceTree = "<group>"; };
		AFCA55F02A8235F600D9A851 /* ColorCollectionViewCell.swift */ = {isa = PBXFileReference; lastKnownFileType = sourcecode.swift; path = ColorCollectionViewCell.swift; sourceTree = "<group>"; };
		AFD92DEF2A83D49900F36905 /* ScheduleViewController.swift */ = {isa = PBXFileReference; lastKnownFileType = sourcecode.swift; path = ScheduleViewController.swift; sourceTree = "<group>"; };
		AFD92DF12A83D97D00F36905 /* SheduleTableViewCell.swift */ = {isa = PBXFileReference; lastKnownFileType = sourcecode.swift; path = SheduleTableViewCell.swift; sourceTree = "<group>"; };
		AFD92DF32A854B9300F36905 /* AlertPresenter.swift */ = {isa = PBXFileReference; lastKnownFileType = sourcecode.swift; path = AlertPresenter.swift; sourceTree = "<group>"; };
		AFD92DF52A854BC000F36905 /* AlertModel.swift */ = {isa = PBXFileReference; lastKnownFileType = sourcecode.swift; path = AlertModel.swift; sourceTree = "<group>"; };
		AFD92DF72A85517500F36905 /* Constants.swift */ = {isa = PBXFileReference; lastKnownFileType = sourcecode.swift; path = Constants.swift; sourceTree = "<group>"; };
		AFD92E1C2A88FCDA00F36905 /* SupplementaryViewMain.swift */ = {isa = PBXFileReference; lastKnownFileType = sourcecode.swift; path = SupplementaryViewMain.swift; sourceTree = "<group>"; };
		AFD92E2A2A9008D200F36905 /* Trackers.xcdatamodel */ = {isa = PBXFileReference; lastKnownFileType = wrapper.xcdatamodel; path = Trackers.xcdatamodel; sourceTree = "<group>"; };
		AFEDE0482A827A70002D8CE6 /* extension+UIView.swift */ = {isa = PBXFileReference; lastKnownFileType = sourcecode.swift; path = "extension+UIView.swift"; sourceTree = "<group>"; };
		AFF228E92A93EE3300873F47 /* TrackersDataProvider.swift */ = {isa = PBXFileReference; lastKnownFileType = sourcecode.swift; path = TrackersDataProvider.swift; sourceTree = "<group>"; };
/* End PBXFileReference section */

/* Begin PBXFrameworksBuildPhase section */
		AF9332392A72B59300BA0DB8 /* Frameworks */ = {
			isa = PBXFrameworksBuildPhase;
			buildActionMask = 2147483647;
			files = (
			);
			runOnlyForDeploymentPostprocessing = 0;
		};
/* End PBXFrameworksBuildPhase section */

/* Begin PBXGroup section */
		AF0D45A32A89262B00C60143 /* MainScreen */ = {
			isa = PBXGroup;
			children = (
				AFD92E1C2A88FCDA00F36905 /* SupplementaryViewMain.swift */,
				AFCA55A72A7AB02C00D9A851 /* TrackersViewController.swift */,
				AFCA55AD2A7C178800D9A851 /* TrackerCollectionViewCell.swift */,
			);
			path = MainScreen;
			sourceTree = "<group>";
		};
		AF0D45A42A89263A00C60143 /* Stats */ = {
			isa = PBXGroup;
			children = (
				AFCA55A32A7AB01A00D9A851 /* StatsViewController.swift */,
			);
			path = Stats;
			sourceTree = "<group>";
		};
		AF0D45A52A89264100C60143 /* CreateTracker */ = {
			isa = PBXGroup;
			children = (
				AF7D307C2A8A3CD200EA2A2F /* TrackerType */,
				AFCA55EE2A8235BA00D9A851 /* IconCollectionViewCell.swift */,
				AFCA55F02A8235F600D9A851 /* ColorCollectionViewCell.swift */,
				AFCA55E62A81364100D9A851 /* MenuTableViewCell.swift */,
				AFCA55EA2A8157DB00D9A851 /* ColorCell.swift */,
				AFCA55E82A81575C00D9A851 /* IconCell.swift */,
				AFCA55DC2A7FE8FE00D9A851 /* CreateTrackerViewController.swift */,
				AFCA55E42A8135BF00D9A851 /* MenuItem.swift */,
				AFCA55AB2A7C05C500D9A851 /* SupplementaryView.swift */,
				AF0D45A72A8926A000C60143 /* Category */,
				AF0D45A62A89269900C60143 /* Shedule */,
			);
			path = CreateTracker;
			sourceTree = "<group>";
		};
		AF0D45A62A89269900C60143 /* Shedule */ = {
			isa = PBXGroup;
			children = (
				AFD92DEF2A83D49900F36905 /* ScheduleViewController.swift */,
				AFD92DF12A83D97D00F36905 /* SheduleTableViewCell.swift */,
			);
			path = Shedule;
			sourceTree = "<group>";
		};
		AF0D45A72A8926A000C60143 /* Category */ = {
			isa = PBXGroup;
			children = (
				AFCA55E02A7FEF0400D9A851 /* CategorySelectionViewController.swift */,
			);
			path = Category;
			sourceTree = "<group>";
		};
		AF5D5B342A93F10A00498D80 /* DataStore */ = {
			isa = PBXGroup;
			children = (
				AF9B4AFB2A913DE1007EC298 /* TrackersDataStore.swift */,
				AF5D5B372A93F13D00498D80 /* CategoriesDataStore.swift */,
				AF5D5B392A93F15E00498D80 /* ExecutionsDataStore.swift */,
				AF5D5B602A9546DF00498D80 /* DataStore.swift */,
			);
			path = DataStore;
			sourceTree = "<group>";
		};
		AF7D307C2A8A3CD200EA2A2F /* TrackerType */ = {
			isa = PBXGroup;
			children = (
				AFCA55DA2A7FE81800D9A851 /* TrackerTypeViewController.swift */,
			);
			path = TrackerType;
			sourceTree = "<group>";
		};
		AF9332332A72B59300BA0DB8 = {
			isa = PBXGroup;
			children = (
				AF93323E2A72B59300BA0DB8 /* Tracker */,
				AF93323D2A72B59300BA0DB8 /* Products */,
			);
			sourceTree = "<group>";
		};
		AF93323D2A72B59300BA0DB8 /* Products */ = {
			isa = PBXGroup;
			children = (
				AF93323C2A72B59300BA0DB8 /* Tracker.app */,
			);
			name = Products;
			sourceTree = "<group>";
		};
		AF93323E2A72B59300BA0DB8 /* Tracker */ = {
			isa = PBXGroup;
			children = (
				AFBF95C32A93A156007D4C7C /* Domain */,
				AFD92E272A9008B700F36905 /* Core Data */,
				AFCA55B72A7C202000D9A851 /* Presentation */,
				AF93323F2A72B59300BA0DB8 /* AppDelegate.swift */,
				AF9332412A72B59300BA0DB8 /* SceneDelegate.swift */,
				AFD92E212A8E445400F36905 /* Supporting Files */,
				AFCA55B62A7C19BD00D9A851 /* UI */,
				AFCA55B32A7C198600D9A851 /* Data */,
			);
			path = Tracker;
			sourceTree = "<group>";
		};
		AFBF95C32A93A156007D4C7C /* Domain */ = {
			isa = PBXGroup;
			children = (
				AFCA55D42A7F895500D9A851 /* TrackersRepositoryProtocol.swift */,
				AFF228E92A93EE3300873F47 /* TrackersDataProvider.swift */,
				AF5D5B3B2A93F21700498D80 /* TrackersRecord.swift */,
				AF5D5B3D2A93F32400498D80 /* ExecutionsRecord.swift */,
				AF5D5B3F2A93F3AF00498D80 /* CategoriesRecord.swift */,
				AF5D5B622A960A3400498D80 /* TrackersCollectionsCompanionInteractor.swift */,
			);
			path = Domain;
			sourceTree = "<group>";
		};
		AFCA55B32A7C198600D9A851 /* Data */ = {
			isa = PBXGroup;
			children = (
				AFCA55B52A7C19A900D9A851 /* Repository */,
				AFCA55B42A7C19A000D9A851 /* Models */,
			);
			path = Data;
			sourceTree = "<group>";
		};
		AFCA55B42A7C19A000D9A851 /* Models */ = {
			isa = PBXGroup;
			children = (
				AFCA55BE2A7C36AF00D9A851 /* Mappers.swift */,
				AFCA55B12A7C187900D9A851 /* Tracker.swift */,
				AFCA55C62A7D5BB000D9A851 /* SimpleDate.swift */,
				AFCA55CE2A7E527500D9A851 /* TrackerCategory.swift */,
				AFD92DF52A854BC000F36905 /* AlertModel.swift */,
				AFD92DF72A85517500F36905 /* Constants.swift */,
				AFBF95BF2A938174007D4C7C /* Execution.swift */,
				AFBF95C12A93828F007D4C7C /* TrackersSearchResponse.swift */,
			);
			path = Models;
			sourceTree = "<group>";
		};
		AFCA55B52A7C19A900D9A851 /* Repository */ = {
			isa = PBXGroup;
			children = (
				AFCA55D62A7F96C000D9A851 /* TrackersRepositoryImpl.swift */,
				AF9B4AFD2A913DEB007EC298 /* NullStore.swift */,
			);
			path = Repository;
			sourceTree = "<group>";
		};
		AFCA55B62A7C19BD00D9A851 /* UI */ = {
			isa = PBXGroup;
			children = (
				AF0D45A52A89264100C60143 /* CreateTracker */,
				AF0D45A42A89263A00C60143 /* Stats */,
				AF0D45A32A89262B00C60143 /* MainScreen */,
				AFCA55A52A7AB02400D9A851 /* TabBarController.swift */,
				AFEDE0482A827A70002D8CE6 /* extension+UIView.swift */,
			);
			path = UI;
			sourceTree = "<group>";
		};
		AFCA55B72A7C202000D9A851 /* Presentation */ = {
			isa = PBXGroup;
			children = (
				AFCA55BA2A7C22E800D9A851 /* TrackersCollectionsPresenter.swift */,
				AFCA55BC2A7C34E500D9A851 /* TrackersViewControllerProtocol.swift */,
				AFCA55D02A7E5BF300D9A851 /* TrackersCollectionsCompanionDelegate.swift */,
				AFCA55D22A7E5CA600D9A851 /* TrackersCollectionsCompanion.swift */,
				AFCA55E22A7FF09C00D9A851 /* TrackerTypeDelegate.swift */,
				AFD92DF32A854B9300F36905 /* AlertPresenter.swift */,
			);
			path = Presentation;
			sourceTree = "<group>";
		};
		AFD92E212A8E445400F36905 /* Supporting Files */ = {
			isa = PBXGroup;
			children = (
				AF9332482A72B59400BA0DB8 /* Assets.xcassets */,
				AF93324D2A72B59400BA0DB8 /* Info.plist */,
				AF93324A2A72B59400BA0DB8 /* LaunchScreen.storyboard */,
			);
			path = "Supporting Files";
			sourceTree = "<group>";
		};
		AFD92E272A9008B700F36905 /* Core Data */ = {
			isa = PBXGroup;
			children = (
				AF5D5B412A93FD8600498D80 /* CoreDataHelpers.swift */,
				AF5D5B342A93F10A00498D80 /* DataStore */,
				AFD92E282A9008C000F36905 /* Models */,
			);
			path = "Core Data";
			sourceTree = "<group>";
		};
		AFD92E282A9008C000F36905 /* Models */ = {
			isa = PBXGroup;
			children = (
				AFD92E292A9008D200F36905 /* Trackers.xcdatamodeld */,
			);
			path = Models;
			sourceTree = "<group>";
		};
/* End PBXGroup section */

/* Begin PBXNativeTarget section */
		AF93323B2A72B59300BA0DB8 /* Tracker */ = {
			isa = PBXNativeTarget;
			buildConfigurationList = AF9332502A72B59400BA0DB8 /* Build configuration list for PBXNativeTarget "Tracker" */;
			buildPhases = (
				AF9332382A72B59300BA0DB8 /* Sources */,
				AF9332392A72B59300BA0DB8 /* Frameworks */,
				AF93323A2A72B59300BA0DB8 /* Resources */,
			);
			buildRules = (
			);
			dependencies = (
			);
			name = Tracker;
			productName = Tracker;
			productReference = AF93323C2A72B59300BA0DB8 /* Tracker.app */;
			productType = "com.apple.product-type.application";
		};
/* End PBXNativeTarget section */

/* Begin PBXProject section */
		AF9332342A72B59300BA0DB8 /* Project object */ = {
			isa = PBXProject;
			attributes = {
				BuildIndependentTargetsInParallel = 1;
				LastSwiftUpdateCheck = 1430;
				LastUpgradeCheck = 1430;
				TargetAttributes = {
					AF93323B2A72B59300BA0DB8 = {
						CreatedOnToolsVersion = 14.3.1;
					};
				};
			};
			buildConfigurationList = AF9332372A72B59300BA0DB8 /* Build configuration list for PBXProject "Tracker" */;
			compatibilityVersion = "Xcode 14.0";
			developmentRegion = en;
			hasScannedForEncodings = 0;
			knownRegions = (
				en,
				Base,
			);
			mainGroup = AF9332332A72B59300BA0DB8;
			productRefGroup = AF93323D2A72B59300BA0DB8 /* Products */;
			projectDirPath = "";
			projectRoot = "";
			targets = (
				AF93323B2A72B59300BA0DB8 /* Tracker */,
			);
		};
/* End PBXProject section */

/* Begin PBXResourcesBuildPhase section */
		AF93323A2A72B59300BA0DB8 /* Resources */ = {
			isa = PBXResourcesBuildPhase;
			buildActionMask = 2147483647;
			files = (
				AF93324C2A72B59400BA0DB8 /* LaunchScreen.storyboard in Resources */,
				AF9332492A72B59400BA0DB8 /* Assets.xcassets in Resources */,
			);
			runOnlyForDeploymentPostprocessing = 0;
		};
/* End PBXResourcesBuildPhase section */

/* Begin PBXSourcesBuildPhase section */
		AF9332382A72B59300BA0DB8 /* Sources */ = {
			isa = PBXSourcesBuildPhase;
			buildActionMask = 2147483647;
			files = (
				AFCA55F12A8235F600D9A851 /* ColorCollectionViewCell.swift in Sources */,
				AFCA55CF2A7E527500D9A851 /* TrackerCategory.swift in Sources */,
				AFD92DF22A83D97D00F36905 /* SheduleTableViewCell.swift in Sources */,
				AFCA55E12A7FEF0400D9A851 /* CategorySelectionViewController.swift in Sources */,
				AF5D5B632A960A3400498D80 /* TrackersCollectionsCompanionInteractor.swift in Sources */,
				AFCA55AC2A7C05C500D9A851 /* SupplementaryView.swift in Sources */,
				AFCA55D72A7F96C000D9A851 /* TrackersRepositoryImpl.swift in Sources */,
				AFBF95C02A938174007D4C7C /* Execution.swift in Sources */,
				AF9332402A72B59300BA0DB8 /* AppDelegate.swift in Sources */,
				AFBF95C22A93828F007D4C7C /* TrackersSearchResponse.swift in Sources */,
				AFD92DF02A83D49900F36905 /* ScheduleViewController.swift in Sources */,
				AFEDE0492A827A70002D8CE6 /* extension+UIView.swift in Sources */,
				AF5D5B3C2A93F21700498D80 /* TrackersRecord.swift in Sources */,
				AFCA55D32A7E5CA600D9A851 /* TrackersCollectionsCompanion.swift in Sources */,
				AFCA55BD2A7C34E500D9A851 /* TrackersViewControllerProtocol.swift in Sources */,
				AF5D5B612A9546DF00498D80 /* DataStore.swift in Sources */,
				AF5D5B3E2A93F32400498D80 /* ExecutionsRecord.swift in Sources */,
				AFCA55A62A7AB02400D9A851 /* TabBarController.swift in Sources */,
				AFD92DF62A854BC000F36905 /* AlertModel.swift in Sources */,
				AFD92E1D2A88FCDA00F36905 /* SupplementaryViewMain.swift in Sources */,
				AFCA55BB2A7C22E800D9A851 /* TrackersCollectionsPresenter.swift in Sources */,
				AF5D5B382A93F13D00498D80 /* CategoriesDataStore.swift in Sources */,
				AFCA55DB2A7FE81800D9A851 /* TrackerTypeViewController.swift in Sources */,
				AF9B4AFC2A913DE1007EC298 /* TrackersDataStore.swift in Sources */,
				AF5D5B402A93F3AF00498D80 /* CategoriesRecord.swift in Sources */,
				AFCA55B22A7C187900D9A851 /* Tracker.swift in Sources */,
				AFCA55C72A7D5BB000D9A851 /* SimpleDate.swift in Sources */,
				AFCA55A82A7AB02C00D9A851 /* TrackersViewController.swift in Sources */,
				AFCA55A42A7AB01A00D9A851 /* StatsViewController.swift in Sources */,
				AFCA55DD2A7FE8FE00D9A851 /* CreateTrackerViewController.swift in Sources */,
				AF5D5B3A2A93F15E00498D80 /* ExecutionsDataStore.swift in Sources */,
				AFCA55D52A7F895500D9A851 /* TrackersRepositoryProtocol.swift in Sources */,
				AFF228EA2A93EE3300873F47 /* TrackersDataProvider.swift in Sources */,
				AFD92E2B2A9008D300F36905 /* Trackers.xcdatamodeld in Sources */,
				AF5D5B422A93FD8600498D80 /* CoreDataHelpers.swift in Sources */,
				AFCA55BF2A7C36AF00D9A851 /* Mappers.swift in Sources */,
				AFCA55AE2A7C178800D9A851 /* TrackerCollectionViewCell.swift in Sources */,
				AFD92DF42A854B9300F36905 /* AlertPresenter.swift in Sources */,
				AFD92DF82A85517500F36905 /* Constants.swift in Sources */,
				AF9B4AFE2A913DEB007EC298 /* NullStore.swift in Sources */,
				AFCA55E32A7FF09C00D9A851 /* TrackerTypeDelegate.swift in Sources */,
				AFCA55EB2A8157DB00D9A851 /* ColorCell.swift in Sources */,
				AFCA55E92A81575C00D9A851 /* IconCell.swift in Sources */,
				AFCA55EF2A8235BA00D9A851 /* IconCollectionViewCell.swift in Sources */,
				AFCA55E52A8135BF00D9A851 /* MenuItem.swift in Sources */,
				AF9332422A72B59300BA0DB8 /* SceneDelegate.swift in Sources */,
				AFCA55D12A7E5BF300D9A851 /* TrackersCollectionsCompanionDelegate.swift in Sources */,
				AFCA55E72A81364100D9A851 /* MenuTableViewCell.swift in Sources */,
			);
			runOnlyForDeploymentPostprocessing = 0;
		};
/* End PBXSourcesBuildPhase section */

/* Begin PBXVariantGroup section */
		AF93324A2A72B59400BA0DB8 /* LaunchScreen.storyboard */ = {
			isa = PBXVariantGroup;
			children = (
				AF93324B2A72B59400BA0DB8 /* Base */,
			);
			name = LaunchScreen.storyboard;
			sourceTree = "<group>";
		};
/* End PBXVariantGroup section */

/* Begin XCBuildConfiguration section */
		AF93324E2A72B59400BA0DB8 /* Debug */ = {
			isa = XCBuildConfiguration;
			buildSettings = {
				ALWAYS_SEARCH_USER_PATHS = NO;
				CLANG_ANALYZER_NONNULL = YES;
				CLANG_ANALYZER_NUMBER_OBJECT_CONVERSION = YES_AGGRESSIVE;
				CLANG_CXX_LANGUAGE_STANDARD = "gnu++20";
				CLANG_ENABLE_MODULES = YES;
				CLANG_ENABLE_OBJC_ARC = YES;
				CLANG_ENABLE_OBJC_WEAK = YES;
				CLANG_WARN_BLOCK_CAPTURE_AUTORELEASING = YES;
				CLANG_WARN_BOOL_CONVERSION = YES;
				CLANG_WARN_COMMA = YES;
				CLANG_WARN_CONSTANT_CONVERSION = YES;
				CLANG_WARN_DEPRECATED_OBJC_IMPLEMENTATIONS = YES;
				CLANG_WARN_DIRECT_OBJC_ISA_USAGE = YES_ERROR;
				CLANG_WARN_DOCUMENTATION_COMMENTS = YES;
				CLANG_WARN_EMPTY_BODY = YES;
				CLANG_WARN_ENUM_CONVERSION = YES;
				CLANG_WARN_INFINITE_RECURSION = YES;
				CLANG_WARN_INT_CONVERSION = YES;
				CLANG_WARN_NON_LITERAL_NULL_CONVERSION = YES;
				CLANG_WARN_OBJC_IMPLICIT_RETAIN_SELF = YES;
				CLANG_WARN_OBJC_LITERAL_CONVERSION = YES;
				CLANG_WARN_OBJC_ROOT_CLASS = YES_ERROR;
				CLANG_WARN_QUOTED_INCLUDE_IN_FRAMEWORK_HEADER = YES;
				CLANG_WARN_RANGE_LOOP_ANALYSIS = YES;
				CLANG_WARN_STRICT_PROTOTYPES = YES;
				CLANG_WARN_SUSPICIOUS_MOVE = YES;
				CLANG_WARN_UNGUARDED_AVAILABILITY = YES_AGGRESSIVE;
				CLANG_WARN_UNREACHABLE_CODE = YES;
				CLANG_WARN__DUPLICATE_METHOD_MATCH = YES;
				COPY_PHASE_STRIP = NO;
				DEBUG_INFORMATION_FORMAT = dwarf;
				ENABLE_STRICT_OBJC_MSGSEND = YES;
				ENABLE_TESTABILITY = YES;
				GCC_C_LANGUAGE_STANDARD = gnu11;
				GCC_DYNAMIC_NO_PIC = NO;
				GCC_NO_COMMON_BLOCKS = YES;
				GCC_OPTIMIZATION_LEVEL = 0;
				GCC_PREPROCESSOR_DEFINITIONS = (
					"DEBUG=1",
					"$(inherited)",
				);
				GCC_WARN_64_TO_32_BIT_CONVERSION = YES;
				GCC_WARN_ABOUT_RETURN_TYPE = YES_ERROR;
				GCC_WARN_UNDECLARED_SELECTOR = YES;
				GCC_WARN_UNINITIALIZED_AUTOS = YES_AGGRESSIVE;
				GCC_WARN_UNUSED_FUNCTION = YES;
				GCC_WARN_UNUSED_VARIABLE = YES;
				IPHONEOS_DEPLOYMENT_TARGET = 13.4;
				MTL_ENABLE_DEBUG_INFO = INCLUDE_SOURCE;
				MTL_FAST_MATH = YES;
				ONLY_ACTIVE_ARCH = YES;
				SDKROOT = iphoneos;
				SWIFT_ACTIVE_COMPILATION_CONDITIONS = DEBUG;
				SWIFT_OPTIMIZATION_LEVEL = "-Onone";
			};
			name = Debug;
		};
		AF93324F2A72B59400BA0DB8 /* Release */ = {
			isa = XCBuildConfiguration;
			buildSettings = {
				ALWAYS_SEARCH_USER_PATHS = NO;
				CLANG_ANALYZER_NONNULL = YES;
				CLANG_ANALYZER_NUMBER_OBJECT_CONVERSION = YES_AGGRESSIVE;
				CLANG_CXX_LANGUAGE_STANDARD = "gnu++20";
				CLANG_ENABLE_MODULES = YES;
				CLANG_ENABLE_OBJC_ARC = YES;
				CLANG_ENABLE_OBJC_WEAK = YES;
				CLANG_WARN_BLOCK_CAPTURE_AUTORELEASING = YES;
				CLANG_WARN_BOOL_CONVERSION = YES;
				CLANG_WARN_COMMA = YES;
				CLANG_WARN_CONSTANT_CONVERSION = YES;
				CLANG_WARN_DEPRECATED_OBJC_IMPLEMENTATIONS = YES;
				CLANG_WARN_DIRECT_OBJC_ISA_USAGE = YES_ERROR;
				CLANG_WARN_DOCUMENTATION_COMMENTS = YES;
				CLANG_WARN_EMPTY_BODY = YES;
				CLANG_WARN_ENUM_CONVERSION = YES;
				CLANG_WARN_INFINITE_RECURSION = YES;
				CLANG_WARN_INT_CONVERSION = YES;
				CLANG_WARN_NON_LITERAL_NULL_CONVERSION = YES;
				CLANG_WARN_OBJC_IMPLICIT_RETAIN_SELF = YES;
				CLANG_WARN_OBJC_LITERAL_CONVERSION = YES;
				CLANG_WARN_OBJC_ROOT_CLASS = YES_ERROR;
				CLANG_WARN_QUOTED_INCLUDE_IN_FRAMEWORK_HEADER = YES;
				CLANG_WARN_RANGE_LOOP_ANALYSIS = YES;
				CLANG_WARN_STRICT_PROTOTYPES = YES;
				CLANG_WARN_SUSPICIOUS_MOVE = YES;
				CLANG_WARN_UNGUARDED_AVAILABILITY = YES_AGGRESSIVE;
				CLANG_WARN_UNREACHABLE_CODE = YES;
				CLANG_WARN__DUPLICATE_METHOD_MATCH = YES;
				COPY_PHASE_STRIP = NO;
				DEBUG_INFORMATION_FORMAT = "dwarf-with-dsym";
				ENABLE_NS_ASSERTIONS = NO;
				ENABLE_STRICT_OBJC_MSGSEND = YES;
				GCC_C_LANGUAGE_STANDARD = gnu11;
				GCC_NO_COMMON_BLOCKS = YES;
				GCC_WARN_64_TO_32_BIT_CONVERSION = YES;
				GCC_WARN_ABOUT_RETURN_TYPE = YES_ERROR;
				GCC_WARN_UNDECLARED_SELECTOR = YES;
				GCC_WARN_UNINITIALIZED_AUTOS = YES_AGGRESSIVE;
				GCC_WARN_UNUSED_FUNCTION = YES;
				GCC_WARN_UNUSED_VARIABLE = YES;
				IPHONEOS_DEPLOYMENT_TARGET = 13.4;
				MTL_ENABLE_DEBUG_INFO = NO;
				MTL_FAST_MATH = YES;
				SDKROOT = iphoneos;
				SWIFT_COMPILATION_MODE = wholemodule;
				SWIFT_OPTIMIZATION_LEVEL = "-O";
				VALIDATE_PRODUCT = YES;
			};
			name = Release;
		};
		AF9332512A72B59400BA0DB8 /* Debug */ = {
			isa = XCBuildConfiguration;
			buildSettings = {
				ASSETCATALOG_COMPILER_APPICON_NAME = AppIcon;
				ASSETCATALOG_COMPILER_GLOBAL_ACCENT_COLOR_NAME = AccentColor;
				CODE_SIGN_STYLE = Automatic;
				CURRENT_PROJECT_VERSION = 1;
				DEVELOPMENT_TEAM = 6LXSUZFYBY;
				GENERATE_INFOPLIST_FILE = YES;
				INFOPLIST_FILE = "Tracker/Supporting Files/Info.plist";
				INFOPLIST_KEY_UIApplicationSupportsIndirectInputEvents = YES;
				INFOPLIST_KEY_UILaunchStoryboardName = LaunchScreen;
				INFOPLIST_KEY_UISupportedInterfaceOrientations = UIInterfaceOrientationPortrait;
				INFOPLIST_KEY_UISupportedInterfaceOrientations_iPad = UIInterfaceOrientationPortraitUpsideDown;
				IPHONEOS_DEPLOYMENT_TARGET = 13.4;
				LD_RUNPATH_SEARCH_PATHS = (
					"$(inherited)",
					"@executable_path/Frameworks",
				);
				MARKETING_VERSION = 1.0;
				PRODUCT_BUNDLE_IDENTIFIER = "artwist-polyakov.Tracker";
				PRODUCT_NAME = "$(TARGET_NAME)";
				SUPPORTED_PLATFORMS = "iphoneos iphonesimulator";
				SUPPORTS_MACCATALYST = NO;
				SUPPORTS_MAC_DESIGNED_FOR_IPHONE_IPAD = NO;
				SWIFT_EMIT_LOC_STRINGS = YES;
				SWIFT_VERSION = 5.0;
				TARGETED_DEVICE_FAMILY = 1;
			};
			name = Debug;
		};
		AF9332522A72B59400BA0DB8 /* Release */ = {
			isa = XCBuildConfiguration;
			buildSettings = {
				ASSETCATALOG_COMPILER_APPICON_NAME = AppIcon;
				ASSETCATALOG_COMPILER_GLOBAL_ACCENT_COLOR_NAME = AccentColor;
				CODE_SIGN_STYLE = Automatic;
				CURRENT_PROJECT_VERSION = 1;
				DEVELOPMENT_TEAM = 6LXSUZFYBY;
				GENERATE_INFOPLIST_FILE = YES;
				INFOPLIST_FILE = "Tracker/Supporting Files/Info.plist";
				INFOPLIST_KEY_UIApplicationSupportsIndirectInputEvents = YES;
				INFOPLIST_KEY_UILaunchStoryboardName = LaunchScreen;
				INFOPLIST_KEY_UISupportedInterfaceOrientations = UIInterfaceOrientationPortrait;
				INFOPLIST_KEY_UISupportedInterfaceOrientations_iPad = UIInterfaceOrientationPortraitUpsideDown;
				IPHONEOS_DEPLOYMENT_TARGET = 13.4;
				LD_RUNPATH_SEARCH_PATHS = (
					"$(inherited)",
					"@executable_path/Frameworks",
				);
				MARKETING_VERSION = 1.0;
				PRODUCT_BUNDLE_IDENTIFIER = "artwist-polyakov.Tracker";
				PRODUCT_NAME = "$(TARGET_NAME)";
				SUPPORTED_PLATFORMS = "iphoneos iphonesimulator";
				SUPPORTS_MACCATALYST = NO;
				SUPPORTS_MAC_DESIGNED_FOR_IPHONE_IPAD = NO;
				SWIFT_EMIT_LOC_STRINGS = YES;
				SWIFT_VERSION = 5.0;
				TARGETED_DEVICE_FAMILY = 1;
			};
			name = Release;
		};
/* End XCBuildConfiguration section */

/* Begin XCConfigurationList section */
		AF9332372A72B59300BA0DB8 /* Build configuration list for PBXProject "Tracker" */ = {
			isa = XCConfigurationList;
			buildConfigurations = (
				AF93324E2A72B59400BA0DB8 /* Debug */,
				AF93324F2A72B59400BA0DB8 /* Release */,
			);
			defaultConfigurationIsVisible = 0;
			defaultConfigurationName = Release;
		};
		AF9332502A72B59400BA0DB8 /* Build configuration list for PBXNativeTarget "Tracker" */ = {
			isa = XCConfigurationList;
			buildConfigurations = (
				AF9332512A72B59400BA0DB8 /* Debug */,
				AF9332522A72B59400BA0DB8 /* Release */,
			);
			defaultConfigurationIsVisible = 0;
			defaultConfigurationName = Release;
		};
/* End XCConfigurationList section */

/* Begin XCVersionGroup section */
		AFD92E292A9008D200F36905 /* Trackers.xcdatamodeld */ = {
			isa = XCVersionGroup;
			children = (
				AFD92E2A2A9008D200F36905 /* Trackers.xcdatamodel */,
			);
			currentVersion = AFD92E2A2A9008D200F36905 /* Trackers.xcdatamodel */;
			path = Trackers.xcdatamodeld;
			sourceTree = "<group>";
			versionGroupType = wrapper.xcdatamodel;
		};
/* End XCVersionGroup section */
	};
	rootObject = AF9332342A72B59300BA0DB8 /* Project object */;
}
